
Microsoft Visual Studio Solution File, Format Version 12.00
# Visual Studio Version 17
VisualStudioVersion = 17.12.35707.178
MinimumVisualStudioVersion = 10.0.40219.1
Project("{2150E333-8FDC-42A3-9474-1A3956D46DE8}") = "src", "src", "{773DA1D2-4B25-4182-9207-734D7099DE14}"
EndProject
Project("{FAE04EC0-301F-11D3-BF4B-00C04F79EFBC}") = "PackagesService.Domain", "src\Services\Packages\PackagesService.Domain\PackagesService.Domain.csproj", "{E7CACCE7-DC84-4878-83BA-2A8052A42550}"
EndProject
Project("{2150E333-8FDC-42A3-9474-1A3956D46DE8}") = "Services", "Services", "{4DA66D9E-1F62-4B15-9F0B-85F0D881DEC4}"
EndProject
Project("{2150E333-8FDC-42A3-9474-1A3956D46DE8}") = "Packages", "Packages", "{6E36A855-775E-4D37-9CD1-F9BC38BD3725}"
	ProjectSection(SolutionItems) = preProject
		packages-task.txt = packages-task.txt
	EndProjectSection
EndProject
Project("{FAE04EC0-301F-11D3-BF4B-00C04F79EFBC}") = "PackagesService.Application", "src\Services\Packages\PackagesService.Application\PackagesService.Application.csproj", "{03BAB233-F4B0-4111-AE2F-0A3E6F74A75E}"
EndProject
Project("{FAE04EC0-301F-11D3-BF4B-00C04F79EFBC}") = "PackagesService.Infrastructure", "src\Services\Packages\PackagesService.Infrastructure\PackagesService.Infrastructure.csproj", "{92B58857-7EA2-4014-BE2B-DFA55DE6DDF4}"
EndProject
Project("{FAE04EC0-301F-11D3-BF4B-00C04F79EFBC}") = "PackagesService.API", "src\Services\Packages\PackagesService.API\PackagesService.API.csproj", "{EA63F44F-9B09-4CD3-9411-6BD44C0D2F9F}"
EndProject
Project("{2150E333-8FDC-42A3-9474-1A3956D46DE8}") = "Delivery", "Delivery", "{0709107E-7F9B-41A2-AD7B-6593B7D8D48E}"
	ProjectSection(SolutionItems) = preProject
		delivery-task.txt = delivery-task.txt
	EndProjectSection
EndProject
Project("{FAE04EC0-301F-11D3-BF4B-00C04F79EFBC}") = "DeliveryService.Domain", "src\Services\Delivery\DeliveryService.Domain\DeliveryService.Domain.csproj", "{18DC6C28-5C39-47CA-A9BC-1EF9B1855ACE}"
EndProject
Project("{FAE04EC0-301F-11D3-BF4B-00C04F79EFBC}") = "DeliveryService.Application", "src\Services\Delivery\DeliveryService.Application\DeliveryService.Application.csproj", "{8DEFA20C-82AD-4E2E-8FE9-285520177814}"
EndProject
Project("{FAE04EC0-301F-11D3-BF4B-00C04F79EFBC}") = "DeliveryService.Infrastructure", "src\Services\Delivery\DeliveryService.Infrastructure\DeliveryService.Infrastructure.csproj", "{A3914160-A812-42DE-A8A5-87262AB6435C}"
EndProject
Project("{FAE04EC0-301F-11D3-BF4B-00C04F79EFBC}") = "DeliveryService.API", "src\Services\Delivery\DeliveryService.API\DeliveryService.API.csproj", "{B2441B70-C0DB-4646-8DB7-EAD73EAC1CE0}"
EndProject
Project("{E53339B2-1760-4266-BCC7-CA923CBCF16C}") = "docker-compose", "docker-compose.dcproj", "{BEDEDAA8-B96C-422B-B586-E94B25C70C1C}"
EndProject
Project("{2150E333-8FDC-42A3-9474-1A3956D46DE8}") = "APIsGateway", "APIsGateway", "{E99F0051-7F93-4288-BA5D-6B31A404A4E3}"
EndProject
Project("{FAE04EC0-301F-11D3-BF4B-00C04F79EFBC}") = "YarpAPIsGateway", "src\APIsGateway\YarpAPIsGateway\YarpAPIsGateway.csproj", "{2F390513-8BA3-471D-9005-3D40ADE1EF84}"
EndProject
Project("{2150E333-8FDC-42A3-9474-1A3956D46DE8}") = "Shared", "Shared", "{8188EFD1-09B2-4B3F-A9B5-D3D2CFAAB232}"
EndProject
Project("{FAE04EC0-301F-11D3-BF4B-00C04F79EFBC}") = "Shared.Contracts", "src\Shared\Shared.Contracts\Shared.Contracts.csproj", "{57905F0D-8030-4921-9ACF-2BE079FE9A5D}"
EndProject
Project("{2150E333-8FDC-42A3-9474-1A3956D46DE8}") = "Authentication", "Authentication", "{11199DB3-D6EC-4D31-A440-F6B26A0F7A61}"
EndProject
Project("{FAE04EC0-301F-11D3-BF4B-00C04F79EFBC}") = "AuthService", "src\Services\Authorization\AuthService\AuthService.csproj", "{AADDCEC7-2C24-4B62-A71A-9A406C579D68}"
EndProject
Global
	GlobalSection(SolutionConfigurationPlatforms) = preSolution
		Debug|Any CPU = Debug|Any CPU
		Release|Any CPU = Release|Any CPU
	EndGlobalSection
	GlobalSection(ProjectConfigurationPlatforms) = postSolution
		{E7CACCE7-DC84-4878-83BA-2A8052A42550}.Debug|Any CPU.ActiveCfg = Debug|Any CPU
		{E7CACCE7-DC84-4878-83BA-2A8052A42550}.Debug|Any CPU.Build.0 = Debug|Any CPU
		{E7CACCE7-DC84-4878-83BA-2A8052A42550}.Release|Any CPU.ActiveCfg = Release|Any CPU
		{E7CACCE7-DC84-4878-83BA-2A8052A42550}.Release|Any CPU.Build.0 = Release|Any CPU
		{03BAB233-F4B0-4111-AE2F-0A3E6F74A75E}.Debug|Any CPU.ActiveCfg = Debug|Any CPU
		{03BAB233-F4B0-4111-AE2F-0A3E6F74A75E}.Debug|Any CPU.Build.0 = Debug|Any CPU
		{03BAB233-F4B0-4111-AE2F-0A3E6F74A75E}.Release|Any CPU.ActiveCfg = Release|Any CPU
		{03BAB233-F4B0-4111-AE2F-0A3E6F74A75E}.Release|Any CPU.Build.0 = Release|Any CPU
		{92B58857-7EA2-4014-BE2B-DFA55DE6DDF4}.Debug|Any CPU.ActiveCfg = Debug|Any CPU
		{92B58857-7EA2-4014-BE2B-DFA55DE6DDF4}.Debug|Any CPU.Build.0 = Debug|Any CPU
		{92B58857-7EA2-4014-BE2B-DFA55DE6DDF4}.Release|Any CPU.ActiveCfg = Release|Any CPU
		{92B58857-7EA2-4014-BE2B-DFA55DE6DDF4}.Release|Any CPU.Build.0 = Release|Any CPU
		{EA63F44F-9B09-4CD3-9411-6BD44C0D2F9F}.Debug|Any CPU.ActiveCfg = Debug|Any CPU
		{EA63F44F-9B09-4CD3-9411-6BD44C0D2F9F}.Debug|Any CPU.Build.0 = Debug|Any CPU
		{EA63F44F-9B09-4CD3-9411-6BD44C0D2F9F}.Release|Any CPU.ActiveCfg = Release|Any CPU
		{EA63F44F-9B09-4CD3-9411-6BD44C0D2F9F}.Release|Any CPU.Build.0 = Release|Any CPU
		{18DC6C28-5C39-47CA-A9BC-1EF9B1855ACE}.Debug|Any CPU.ActiveCfg = Debug|Any CPU
		{18DC6C28-5C39-47CA-A9BC-1EF9B1855ACE}.Debug|Any CPU.Build.0 = Debug|Any CPU
		{18DC6C28-5C39-47CA-A9BC-1EF9B1855ACE}.Release|Any CPU.ActiveCfg = Release|Any CPU
		{18DC6C28-5C39-47CA-A9BC-1EF9B1855ACE}.Release|Any CPU.Build.0 = Release|Any CPU
		{8DEFA20C-82AD-4E2E-8FE9-285520177814}.Debug|Any CPU.ActiveCfg = Debug|Any CPU
		{8DEFA20C-82AD-4E2E-8FE9-285520177814}.Debug|Any CPU.Build.0 = Debug|Any CPU
		{8DEFA20C-82AD-4E2E-8FE9-285520177814}.Release|Any CPU.ActiveCfg = Release|Any CPU
		{8DEFA20C-82AD-4E2E-8FE9-285520177814}.Release|Any CPU.Build.0 = Release|Any CPU
		{A3914160-A812-42DE-A8A5-87262AB6435C}.Debug|Any CPU.ActiveCfg = Debug|Any CPU
		{A3914160-A812-42DE-A8A5-87262AB6435C}.Debug|Any CPU.Build.0 = Debug|Any CPU
		{A3914160-A812-42DE-A8A5-87262AB6435C}.Release|Any CPU.ActiveCfg = Release|Any CPU
		{A3914160-A812-42DE-A8A5-87262AB6435C}.Release|Any CPU.Build.0 = Release|Any CPU
		{B2441B70-C0DB-4646-8DB7-EAD73EAC1CE0}.Debug|Any CPU.ActiveCfg = Debug|Any CPU
		{B2441B70-C0DB-4646-8DB7-EAD73EAC1CE0}.Debug|Any CPU.Build.0 = Debug|Any CPU
		{B2441B70-C0DB-4646-8DB7-EAD73EAC1CE0}.Release|Any CPU.ActiveCfg = Release|Any CPU
		{B2441B70-C0DB-4646-8DB7-EAD73EAC1CE0}.Release|Any CPU.Build.0 = Release|Any CPU
		{BEDEDAA8-B96C-422B-B586-E94B25C70C1C}.Debug|Any CPU.ActiveCfg = Debug|Any CPU
		{BEDEDAA8-B96C-422B-B586-E94B25C70C1C}.Debug|Any CPU.Build.0 = Debug|Any CPU
		{BEDEDAA8-B96C-422B-B586-E94B25C70C1C}.Release|Any CPU.ActiveCfg = Release|Any CPU
		{BEDEDAA8-B96C-422B-B586-E94B25C70C1C}.Release|Any CPU.Build.0 = Release|Any CPU
		{2F390513-8BA3-471D-9005-3D40ADE1EF84}.Debug|Any CPU.ActiveCfg = Debug|Any CPU
		{2F390513-8BA3-471D-9005-3D40ADE1EF84}.Debug|Any CPU.Build.0 = Debug|Any CPU
		{2F390513-8BA3-471D-9005-3D40ADE1EF84}.Release|Any CPU.ActiveCfg = Release|Any CPU
		{2F390513-8BA3-471D-9005-3D40ADE1EF84}.Release|Any CPU.Build.0 = Release|Any CPU
		{57905F0D-8030-4921-9ACF-2BE079FE9A5D}.Debug|Any CPU.ActiveCfg = Debug|Any CPU
		{57905F0D-8030-4921-9ACF-2BE079FE9A5D}.Debug|Any CPU.Build.0 = Debug|Any CPU
		{57905F0D-8030-4921-9ACF-2BE079FE9A5D}.Release|Any CPU.ActiveCfg = Release|Any CPU
		{57905F0D-8030-4921-9ACF-2BE079FE9A5D}.Release|Any CPU.Build.0 = Release|Any CPU
		{AADDCEC7-2C24-4B62-A71A-9A406C579D68}.Debug|Any CPU.ActiveCfg = Debug|Any CPU
		{AADDCEC7-2C24-4B62-A71A-9A406C579D68}.Debug|Any CPU.Build.0 = Debug|Any CPU
		{AADDCEC7-2C24-4B62-A71A-9A406C579D68}.Release|Any CPU.ActiveCfg = Release|Any CPU
		{AADDCEC7-2C24-4B62-A71A-9A406C579D68}.Release|Any CPU.Build.0 = Release|Any CPU
	EndGlobalSection
	GlobalSection(SolutionProperties) = preSolution
		HideSolutionNode = FALSE
	EndGlobalSection
	GlobalSection(NestedProjects) = preSolution
		{E7CACCE7-DC84-4878-83BA-2A8052A42550} = {6E36A855-775E-4D37-9CD1-F9BC38BD3725}
		{4DA66D9E-1F62-4B15-9F0B-85F0D881DEC4} = {773DA1D2-4B25-4182-9207-734D7099DE14}
		{6E36A855-775E-4D37-9CD1-F9BC38BD3725} = {4DA66D9E-1F62-4B15-9F0B-85F0D881DEC4}
		{03BAB233-F4B0-4111-AE2F-0A3E6F74A75E} = {6E36A855-775E-4D37-9CD1-F9BC38BD3725}
		{92B58857-7EA2-4014-BE2B-DFA55DE6DDF4} = {6E36A855-775E-4D37-9CD1-F9BC38BD3725}
		{EA63F44F-9B09-4CD3-9411-6BD44C0D2F9F} = {6E36A855-775E-4D37-9CD1-F9BC38BD3725}
		{0709107E-7F9B-41A2-AD7B-6593B7D8D48E} = {4DA66D9E-1F62-4B15-9F0B-85F0D881DEC4}
		{18DC6C28-5C39-47CA-A9BC-1EF9B1855ACE} = {0709107E-7F9B-41A2-AD7B-6593B7D8D48E}
		{8DEFA20C-82AD-4E2E-8FE9-285520177814} = {0709107E-7F9B-41A2-AD7B-6593B7D8D48E}
		{A3914160-A812-42DE-A8A5-87262AB6435C} = {0709107E-7F9B-41A2-AD7B-6593B7D8D48E}
		{B2441B70-C0DB-4646-8DB7-EAD73EAC1CE0} = {0709107E-7F9B-41A2-AD7B-6593B7D8D48E}
		{E99F0051-7F93-4288-BA5D-6B31A404A4E3} = {773DA1D2-4B25-4182-9207-734D7099DE14}
		{2F390513-8BA3-471D-9005-3D40ADE1EF84} = {E99F0051-7F93-4288-BA5D-6B31A404A4E3}
		{8188EFD1-09B2-4B3F-A9B5-D3D2CFAAB232} = {773DA1D2-4B25-4182-9207-734D7099DE14}
		{57905F0D-8030-4921-9ACF-2BE079FE9A5D} = {8188EFD1-09B2-4B3F-A9B5-D3D2CFAAB232}
		{11199DB3-D6EC-4D31-A440-F6B26A0F7A61} = {4DA66D9E-1F62-4B15-9F0B-85F0D881DEC4}
		{AADDCEC7-2C24-4B62-A71A-9A406C579D68} = {11199DB3-D6EC-4D31-A440-F6B26A0F7A61}
	EndGlobalSection
EndGlobal
